{
  "name": "sansanlabs-laravel-userstamps",
  "lockfileVersion": 3,
  "requires": true,
  "packages": {
    "": {
      "name": "sansanlabs-laravel-userstamps",
      "license": "MIT",
      "devDependencies": {
        "@prettier/plugin-php": "^0.22.4",
        "prettier": "^3.5.3"
      }
    },
    "node_modules/@prettier/plugin-php": {
      "version": "0.22.4",
      "resolved": "https://registry.npmjs.org/@prettier/plugin-php/-/plugin-php-0.22.4.tgz",
      "integrity": "sha512-uZWqfyrwsxScIYkmVcfnoQGFmKVMXTHD5pqYT4l8fxzm5P3XY94hTPbf8X6TFCi2QTZBIot7GS8lfIjQjldc2g==",
      "dev": true,
      "license": "MIT",
      "dependencies": {
        "linguist-languages": "^7.27.0",
        "php-parser": "^3.1.5"
      },
      "peerDependencies": {
        "prettier": "^3.0.0"
      }
    },
    "node_modules/linguist-languages": {
      "version": "7.31.2",
      "resolved": "https://registry.npmjs.org/linguist-languages/-/linguist-languages-7.31.2.tgz",
      "integrity": "sha512-UQv5iuzEcGoYWdc/Ea2yqLiFbe8rQmIa5uD1FLwF5vBYmwbTvJlPJfHaIVtfYZTQf2wg7pzhxkwkGPP3q+v+EA==",
      "dev": true,
      "license": "MIT"
    },
    "node_modules/php-parser": {
      "version": "3.2.4",
      "resolved": "https://registry.npmjs.org/php-parser/-/php-parser-3.2.4.tgz",
      "integrity": "sha512-X1HIaSHCb9aAReEqb+U/AAB3evE1iKD6tAY/lw9+wT4koCkWhg22m4LNtFGwd3Qv4PYIL2+zl+oXh00ALKya0Q==",
      "dev": true,
      "license": "BSD-3-Clause"
    },
    "node_modules/prettier": {
      "version": "3.6.2",
      "resolved": "https://registry.npmjs.org/prettier/-/prettier-3.6.2.tgz",
      "integrity": "sha512-I7AIg5boAr5R0FFtJ6rCfD+LFsWHp81dolrFD8S79U9tb8Az2nGrJncnMSnys+bpQJfRUzqs9hnA81OAA3hCuQ==",
      "dev": true,
      "license": "MIT",
      "bin": {
        "prettier": "bin/prettier.cjs"
      },
      "engines": {
        "node": ">=14"
      },
      "funding": {
        "url": "https://github.com/prettier/prettier?sponsor=1"
      }
    }
  }
}
